{
  "name": "@halftome/szamlazz-client",
  "version": "1.0.8",
  "lockfileVersion": 2,
  "requires": true,
  "packages": {
    "": {
      "name": "@halftome/szamlazz-client",
      "version": "1.0.8",
      "license": "SEE LICENSE IN LICENCE",
      "dependencies": {
        "form-data": "^4.0.0",
        "node-fetch": "^2.6.1",
        "xmlbuilder2": "^3.0.2"
      },
      "devDependencies": {
        "@tsconfig/node14": "^1.0.1",
        "@types/node": "^16.3.3",
        "@types/node-fetch": "^2.5.11",
        "prettier": "^2.3.2",
        "tslib": "^2.3.0",
        "typescript": "^4.3.5"
      }
    },
    "node_modules/@oozcitak/dom": {
      "version": "1.15.10",
      "resolved": "https://registry.npmjs.org/@oozcitak/dom/-/dom-1.15.10.tgz",
      "integrity": "sha512-0JT29/LaxVgRcGKvHmSrUTEvZ8BXvZhGl2LASRUgHqDTC1M5g1pLmVv56IYNyt3bG2CUjDkc67wnyZC14pbQrQ==",
      "dependencies": {
        "@oozcitak/infra": "1.0.8",
        "@oozcitak/url": "1.0.4",
        "@oozcitak/util": "8.3.8"
      },
      "engines": {
        "node": ">=8.0"
      }
    },
    "node_modules/@oozcitak/infra": {
      "version": "1.0.8",
      "resolved": "https://registry.npmjs.org/@oozcitak/infra/-/infra-1.0.8.tgz",
      "integrity": "sha512-JRAUc9VR6IGHOL7OGF+yrvs0LO8SlqGnPAMqyzOuFZPSZSXI7Xf2O9+awQPSMXgIWGtgUf/dA6Hs6X6ySEaWTg==",
      "dependencies": {
        "@oozcitak/util": "8.3.8"
      },
      "engines": {
        "node": ">=6.0"
      }
    },
    "node_modules/@oozcitak/url": {
      "version": "1.0.4",
      "resolved": "https://registry.npmjs.org/@oozcitak/url/-/url-1.0.4.tgz",
      "integrity": "sha512-kDcD8y+y3FCSOvnBI6HJgl00viO/nGbQoCINmQ0h98OhnGITrWR3bOGfwYCthgcrV8AnTJz8MzslTQbC3SOAmw==",
      "dependencies": {
        "@oozcitak/infra": "1.0.8",
        "@oozcitak/util": "8.3.8"
      },
      "engines": {
        "node": ">=8.0"
      }
    },
    "node_modules/@oozcitak/util": {
      "version": "8.3.8",
      "resolved": "https://registry.npmjs.org/@oozcitak/util/-/util-8.3.8.tgz",
      "integrity": "sha512-T8TbSnGsxo6TDBJx/Sgv/BlVJL3tshxZP7Aq5R1mSnM5OcHY2dQaxLMu2+E8u3gN0MLOzdjurqN4ZRVuzQycOQ==",
      "engines": {
        "node": ">=8.0"
      }
    },
    "node_modules/@tsconfig/node14": {
      "version": "1.0.1",
      "resolved": "https://registry.npmjs.org/@tsconfig/node14/-/node14-1.0.1.tgz",
      "integrity": "sha512-509r2+yARFfHHE7T6Puu2jjkoycftovhXRqW328PDXTVGKihlb1P8Z9mMZH04ebyajfRY7dedfGynlrFHJUQCg==",
      "dev": true
    },
    "node_modules/@types/node": {
      "version": "16.7.10",
      "resolved": "https://registry.npmjs.org/@types/node/-/node-16.7.10.tgz",
      "integrity": "sha512-S63Dlv4zIPb8x6MMTgDq5WWRJQe56iBEY0O3SOFA9JrRienkOVDXSXBjjJw6HTNQYSE2JI6GMCR6LVbIMHJVvA=="
    },
    "node_modules/@types/node-fetch": {
      "version": "2.5.12",
      "resolved": "https://registry.npmjs.org/@types/node-fetch/-/node-fetch-2.5.12.tgz",
      "integrity": "sha512-MKgC4dlq4kKNa/mYrwpKfzQMB5X3ee5U6fSprkKpToBqBmX4nFZL9cW5jl6sWn+xpRJ7ypWh2yyqqr8UUCstSw==",
      "dev": true,
      "dependencies": {
        "@types/node": "*",
        "form-data": "^3.0.0"
      }
    },
    "node_modules/@types/node-fetch/node_modules/form-data": {
      "version": "3.0.1",
      "resolved": "https://registry.npmjs.org/form-data/-/form-data-3.0.1.tgz",
      "integrity": "sha512-RHkBKtLWUVwd7SqRIvCZMEvAMoGUp0XU+seQiZejj0COz3RI3hWP4sCv3gZWWLjJTd7rGwcsF5eKZGii0r/hbg==",
      "dev": true,
      "dependencies": {
        "asynckit": "^0.4.0",
        "combined-stream": "^1.0.8",
        "mime-types": "^2.1.12"
      },
      "engines": {
        "node": ">= 6"
      }
    },
    "node_modules/argparse": {
      "version": "1.0.10",
      "resolved": "https://registry.npmjs.org/argparse/-/argparse-1.0.10.tgz",
      "integrity": "sha512-o5Roy6tNG4SL/FOkCAN6RzjiakZS25RLYFrcMttJqbdd8BWrnA+fGz57iN5Pb06pvBGvl5gQ0B48dJlslXvoTg==",
      "dependencies": {
        "sprintf-js": "~1.0.2"
      }
    },
    "node_modules/asynckit": {
      "version": "0.4.0",
      "resolved": "https://registry.npmjs.org/asynckit/-/asynckit-0.4.0.tgz",
      "integrity": "sha1-x57Zf380y48robyXkLzDZkdLS3k="
    },
    "node_modules/combined-stream": {
      "version": "1.0.8",
      "resolved": "https://registry.npmjs.org/combined-stream/-/combined-stream-1.0.8.tgz",
      "integrity": "sha512-FQN4MRfuJeHf7cBbBMJFXhKSDq+2kAArBlmRBvcvFE5BB1HZKXtSFASDhdlz9zOYwxh8lDdnvmMOe/+5cdoEdg==",
      "dependencies": {
        "delayed-stream": "~1.0.0"
      },
      "engines": {
        "node": ">= 0.8"
      }
    },
    "node_modules/delayed-stream": {
      "version": "1.0.0",
      "resolved": "https://registry.npmjs.org/delayed-stream/-/delayed-stream-1.0.0.tgz",
      "integrity": "sha1-3zrhmayt+31ECqrgsp4icrJOxhk=",
      "engines": {
        "node": ">=0.4.0"
      }
    },
    "node_modules/esprima": {
      "version": "4.0.1",
      "resolved": "https://registry.npmjs.org/esprima/-/esprima-4.0.1.tgz",
      "integrity": "sha512-eGuFFw7Upda+g4p+QHvnW0RyTX/SVeJBDM/gCtMARO0cLuT2HcEKnTPvhjV6aGeqrCB/sbNop0Kszm0jsaWU4A==",
      "bin": {
        "esparse": "bin/esparse.js",
        "esvalidate": "bin/esvalidate.js"
      },
      "engines": {
        "node": ">=4"
      }
    },
    "node_modules/form-data": {
      "version": "4.0.0",
      "resolved": "https://registry.npmjs.org/form-data/-/form-data-4.0.0.tgz",
      "integrity": "sha512-ETEklSGi5t0QMZuiXoA/Q6vcnxcLQP5vdugSpuAyi6SVGi2clPPp+xgEhuMaHC+zGgn31Kd235W35f7Hykkaww==",
      "dependencies": {
        "asynckit": "^0.4.0",
        "combined-stream": "^1.0.8",
        "mime-types": "^2.1.12"
      },
      "engines": {
        "node": ">= 6"
      }
    },
    "node_modules/js-yaml": {
      "version": "3.14.0",
      "resolved": "https://registry.npmjs.org/js-yaml/-/js-yaml-3.14.0.tgz",
      "integrity": "sha512-/4IbIeHcD9VMHFqDR/gQ7EdZdLimOvW2DdcxFjdyyZ9NsbS+ccrXqVWDtab/lRl5AlUqmpBx8EhPaWR+OtY17A==",
      "dependencies": {
        "argparse": "^1.0.7",
        "esprima": "^4.0.0"
      },
      "bin": {
        "js-yaml": "bin/js-yaml.js"
      }
    },
    "node_modules/mime-db": {
      "version": "1.49.0",
      "resolved": "https://registry.npmjs.org/mime-db/-/mime-db-1.49.0.tgz",
      "integrity": "sha512-CIc8j9URtOVApSFCQIF+VBkX1RwXp/oMMOrqdyXSBXq5RWNEsRfyj1kiRnQgmNXmHxPoFIxOroKA3zcU9P+nAA==",
      "engines": {
        "node": ">= 0.6"
      }
    },
    "node_modules/mime-types": {
      "version": "2.1.32",
      "resolved": "https://registry.npmjs.org/mime-types/-/mime-types-2.1.32.tgz",
      "integrity": "sha512-hJGaVS4G4c9TSMYh2n6SQAGrC4RnfU+daP8G7cSCmaqNjiOoUY0VHCMS42pxnQmVF1GWwFhbHWn3RIxCqTmZ9A==",
      "dependencies": {
        "mime-db": "1.49.0"
      },
      "engines": {
        "node": ">= 0.6"
      }
    },
    "node_modules/node-fetch": {
      "version": "2.6.1",
      "resolved": "https://registry.npmjs.org/node-fetch/-/node-fetch-2.6.1.tgz",
      "integrity": "sha512-V4aYg89jEoVRxRb2fJdAg8FHvI7cEyYdVAh94HH0UIK8oJxUfkjlDQN9RbMx+bEjP7+ggMiFRprSti032Oipxw==",
      "engines": {
        "node": "4.x || >=6.0.0"
      }
    },
    "node_modules/prettier": {
      "version": "2.3.2",
      "resolved": "https://registry.npmjs.org/prettier/-/prettier-2.3.2.tgz",
      "integrity": "sha512-lnJzDfJ66zkMy58OL5/NY5zp70S7Nz6KqcKkXYzn2tMVrNxvbqaBpg7H3qHaLxCJ5lNMsGuM8+ohS7cZrthdLQ==",
      "dev": true,
      "bin": {
        "prettier": "bin-prettier.js"
      },
      "engines": {
        "node": ">=10.13.0"
      }
    },
    "node_modules/sprintf-js": {
      "version": "1.0.3",
      "resolved": "https://registry.npmjs.org/sprintf-js/-/sprintf-js-1.0.3.tgz",
      "integrity": "sha1-BOaSb2YolTVPPdAVIDYzuFcpfiw="
    },
    "node_modules/tslib": {
      "version": "2.3.1",
      "resolved": "https://registry.npmjs.org/tslib/-/tslib-2.3.1.tgz",
      "integrity": "sha512-77EbyPPpMz+FRFRuAFlWMtmgUWGe9UOG2Z25NqCwiIjRhOf5iKGuzSe5P2w1laq+FkRy4p+PCuVkJSGkzTEKVw==",
      "dev": true
    },
    "node_modules/typescript": {
      "version": "4.4.2",
      "resolved": "https://registry.npmjs.org/typescript/-/typescript-4.4.2.tgz",
      "integrity": "sha512-gzP+t5W4hdy4c+68bfcv0t400HVJMMd2+H9B7gae1nQlBzCqvrXX+6GL/b3GAgyTH966pzrZ70/fRjwAtZksSQ==",
      "dev": true,
      "bin": {
        "tsc": "bin/tsc",
        "tsserver": "bin/tsserver"
      },
      "engines": {
        "node": ">=4.2.0"
      }
    },
    "node_modules/xmlbuilder2": {
      "version": "3.0.2",
      "resolved": "https://registry.npmjs.org/xmlbuilder2/-/xmlbuilder2-3.0.2.tgz",
      "integrity": "sha512-h4MUawGY21CTdhV4xm3DG9dgsqyhDkZvVJBx88beqX8wJs3VgyGQgAn5VreHuae6unTQxh115aMK5InCVmOIKw==",
      "dependencies": {
        "@oozcitak/dom": "1.15.10",
        "@oozcitak/infra": "1.0.8",
        "@oozcitak/util": "8.3.8",
        "@types/node": "*",
        "js-yaml": "3.14.0"
      },
      "engines": {
        "node": ">=12.0"
      }
    }
  },
  "dependencies": {
    "@oozcitak/dom": {
      "version": "1.15.10",
      "resolved": "https://registry.npmjs.org/@oozcitak/dom/-/dom-1.15.10.tgz",
      "integrity": "sha512-0JT29/LaxVgRcGKvHmSrUTEvZ8BXvZhGl2LASRUgHqDTC1M5g1pLmVv56IYNyt3bG2CUjDkc67wnyZC14pbQrQ==",
      "requires": {
        "@oozcitak/infra": "1.0.8",
        "@oozcitak/url": "1.0.4",
        "@oozcitak/util": "8.3.8"
      }
    },
    "@oozcitak/infra": {
      "version": "1.0.8",
      "resolved": "https://registry.npmjs.org/@oozcitak/infra/-/infra-1.0.8.tgz",
      "integrity": "sha512-JRAUc9VR6IGHOL7OGF+yrvs0LO8SlqGnPAMqyzOuFZPSZSXI7Xf2O9+awQPSMXgIWGtgUf/dA6Hs6X6ySEaWTg==",
      "requires": {
        "@oozcitak/util": "8.3.8"
      }
    },
    "@oozcitak/url": {
      "version": "1.0.4",
      "resolved": "https://registry.npmjs.org/@oozcitak/url/-/url-1.0.4.tgz",
      "integrity": "sha512-kDcD8y+y3FCSOvnBI6HJgl00viO/nGbQoCINmQ0h98OhnGITrWR3bOGfwYCthgcrV8AnTJz8MzslTQbC3SOAmw==",
      "requires": {
        "@oozcitak/infra": "1.0.8",
        "@oozcitak/util": "8.3.8"
      }
    },
    "@oozcitak/util": {
      "version": "8.3.8",
      "resolved": "https://registry.npmjs.org/@oozcitak/util/-/util-8.3.8.tgz",
      "integrity": "sha512-T8TbSnGsxo6TDBJx/Sgv/BlVJL3tshxZP7Aq5R1mSnM5OcHY2dQaxLMu2+E8u3gN0MLOzdjurqN4ZRVuzQycOQ=="
    },
    "@tsconfig/node14": {
      "version": "1.0.1",
      "resolved": "https://registry.npmjs.org/@tsconfig/node14/-/node14-1.0.1.tgz",
      "integrity": "sha512-509r2+yARFfHHE7T6Puu2jjkoycftovhXRqW328PDXTVGKihlb1P8Z9mMZH04ebyajfRY7dedfGynlrFHJUQCg==",
      "dev": true
    },
    "@types/node": {
      "version": "16.7.10",
      "resolved": "https://registry.npmjs.org/@types/node/-/node-16.7.10.tgz",
      "integrity": "sha512-S63Dlv4zIPb8x6MMTgDq5WWRJQe56iBEY0O3SOFA9JrRienkOVDXSXBjjJw6HTNQYSE2JI6GMCR6LVbIMHJVvA=="
    },
    "@types/node-fetch": {
      "version": "2.5.12",
      "resolved": "https://registry.npmjs.org/@types/node-fetch/-/node-fetch-2.5.12.tgz",
      "integrity": "sha512-MKgC4dlq4kKNa/mYrwpKfzQMB5X3ee5U6fSprkKpToBqBmX4nFZL9cW5jl6sWn+xpRJ7ypWh2yyqqr8UUCstSw==",
      "dev": true,
      "requires": {
        "@types/node": "*",
        "form-data": "^3.0.0"
      },
      "dependencies": {
        "form-data": {
          "version": "3.0.1",
          "resolved": "https://registry.npmjs.org/form-data/-/form-data-3.0.1.tgz",
          "integrity": "sha512-RHkBKtLWUVwd7SqRIvCZMEvAMoGUp0XU+seQiZejj0COz3RI3hWP4sCv3gZWWLjJTd7rGwcsF5eKZGii0r/hbg==",
          "dev": true,
          "requires": {
            "asynckit": "^0.4.0",
            "combined-stream": "^1.0.8",
            "mime-types": "^2.1.12"
          }
        }
      }
    },
    "argparse": {
      "version": "1.0.10",
      "resolved": "https://registry.npmjs.org/argparse/-/argparse-1.0.10.tgz",
      "integrity": "sha512-o5Roy6tNG4SL/FOkCAN6RzjiakZS25RLYFrcMttJqbdd8BWrnA+fGz57iN5Pb06pvBGvl5gQ0B48dJlslXvoTg==",
      "requires": {
        "sprintf-js": "~1.0.2"
      }
    },
    "asynckit": {
      "version": "0.4.0",
      "resolved": "https://registry.npmjs.org/asynckit/-/asynckit-0.4.0.tgz",
      "integrity": "sha1-x57Zf380y48robyXkLzDZkdLS3k="
    },
    "combined-stream": {
      "version": "1.0.8",
      "resolved": "https://registry.npmjs.org/combined-stream/-/combined-stream-1.0.8.tgz",
      "integrity": "sha512-FQN4MRfuJeHf7cBbBMJFXhKSDq+2kAArBlmRBvcvFE5BB1HZKXtSFASDhdlz9zOYwxh8lDdnvmMOe/+5cdoEdg==",
      "requires": {
        "delayed-stream": "~1.0.0"
      }
    },
    "delayed-stream": {
      "version": "1.0.0",
      "resolved": "https://registry.npmjs.org/delayed-stream/-/delayed-stream-1.0.0.tgz",
      "integrity": "sha1-3zrhmayt+31ECqrgsp4icrJOxhk="
    },
    "esprima": {
      "version": "4.0.1",
      "resolved": "https://registry.npmjs.org/esprima/-/esprima-4.0.1.tgz",
      "integrity": "sha512-eGuFFw7Upda+g4p+QHvnW0RyTX/SVeJBDM/gCtMARO0cLuT2HcEKnTPvhjV6aGeqrCB/sbNop0Kszm0jsaWU4A=="
    },
    "form-data": {
      "version": "4.0.0",
      "resolved": "https://registry.npmjs.org/form-data/-/form-data-4.0.0.tgz",
      "integrity": "sha512-ETEklSGi5t0QMZuiXoA/Q6vcnxcLQP5vdugSpuAyi6SVGi2clPPp+xgEhuMaHC+zGgn31Kd235W35f7Hykkaww==",
      "requires": {
        "asynckit": "^0.4.0",
        "combined-stream": "^1.0.8",
        "mime-types": "^2.1.12"
      }
    },
    "js-yaml": {
      "version": "3.14.0",
      "resolved": "https://registry.npmjs.org/js-yaml/-/js-yaml-3.14.0.tgz",
      "integrity": "sha512-/4IbIeHcD9VMHFqDR/gQ7EdZdLimOvW2DdcxFjdyyZ9NsbS+ccrXqVWDtab/lRl5AlUqmpBx8EhPaWR+OtY17A==",
      "requires": {
        "argparse": "^1.0.7",
        "esprima": "^4.0.0"
      }
    },
    "mime-db": {
      "version": "1.49.0",
      "resolved": "https://registry.npmjs.org/mime-db/-/mime-db-1.49.0.tgz",
      "integrity": "sha512-CIc8j9URtOVApSFCQIF+VBkX1RwXp/oMMOrqdyXSBXq5RWNEsRfyj1kiRnQgmNXmHxPoFIxOroKA3zcU9P+nAA=="
    },
    "mime-types": {
      "version": "2.1.32",
      "resolved": "https://registry.npmjs.org/mime-types/-/mime-types-2.1.32.tgz",
      "integrity": "sha512-hJGaVS4G4c9TSMYh2n6SQAGrC4RnfU+daP8G7cSCmaqNjiOoUY0VHCMS42pxnQmVF1GWwFhbHWn3RIxCqTmZ9A==",
      "requires": {
        "mime-db": "1.49.0"
      }
    },
    "node-fetch": {
      "version": "2.6.1",
      "resolved": "https://registry.npmjs.org/node-fetch/-/node-fetch-2.6.1.tgz",
      "integrity": "sha512-V4aYg89jEoVRxRb2fJdAg8FHvI7cEyYdVAh94HH0UIK8oJxUfkjlDQN9RbMx+bEjP7+ggMiFRprSti032Oipxw=="
    },
    "prettier": {
      "version": "2.3.2",
      "resolved": "https://registry.npmjs.org/prettier/-/prettier-2.3.2.tgz",
      "integrity": "sha512-lnJzDfJ66zkMy58OL5/NY5zp70S7Nz6KqcKkXYzn2tMVrNxvbqaBpg7H3qHaLxCJ5lNMsGuM8+ohS7cZrthdLQ==",
      "dev": true
    },
    "sprintf-js": {
      "version": "1.0.3",
      "resolved": "https://registry.npmjs.org/sprintf-js/-/sprintf-js-1.0.3.tgz",
      "integrity": "sha1-BOaSb2YolTVPPdAVIDYzuFcpfiw="
    },
    "tslib": {
      "version": "2.3.1",
      "resolved": "https://registry.npmjs.org/tslib/-/tslib-2.3.1.tgz",
      "integrity": "sha512-77EbyPPpMz+FRFRuAFlWMtmgUWGe9UOG2Z25NqCwiIjRhOf5iKGuzSe5P2w1laq+FkRy4p+PCuVkJSGkzTEKVw==",
      "dev": true
    },
    "typescript": {
      "version": "4.4.2",
      "resolved": "https://registry.npmjs.org/typescript/-/typescript-4.4.2.tgz",
      "integrity": "sha512-gzP+t5W4hdy4c+68bfcv0t400HVJMMd2+H9B7gae1nQlBzCqvrXX+6GL/b3GAgyTH966pzrZ70/fRjwAtZksSQ==",
      "dev": true
    },
    "xmlbuilder2": {
      "version": "3.0.2",
      "resolved": "https://registry.npmjs.org/xmlbuilder2/-/xmlbuilder2-3.0.2.tgz",
      "integrity": "sha512-h4MUawGY21CTdhV4xm3DG9dgsqyhDkZvVJBx88beqX8wJs3VgyGQgAn5VreHuae6unTQxh115aMK5InCVmOIKw==",
      "requires": {
        "@oozcitak/dom": "1.15.10",
        "@oozcitak/infra": "1.0.8",
        "@oozcitak/util": "8.3.8",
        "@types/node": "*",
        "js-yaml": "3.14.0"
      }
    }
  }
}
